
Microsoft Visual Studio Solution File, Format Version 12.00
# Visual Studio Version 17
VisualStudioVersion = 17.11.35327.3
MinimumVisualStudioVersion = 10.0.40219.1
Project("{FAE04EC0-301F-11D3-BF4B-00C04F79EFBC}") = "triple DES cipher", "triple DES cipher\triple DES cipher.csproj", "{2E2C42CC-93E0-4936-BD6F-096856DADEEF}"
EndProject
Global
	GlobalSection(SolutionConfigurationPlatforms) = preSolution
		Debug|Any CPU = Debug|Any CPU
		Release|Any CPU = Release|Any CPU
	EndGlobalSection
	GlobalSection(ProjectConfigurationPlatforms) = postSolution
		{2E2C42CC-93E0-4936-BD6F-096856DADEEF}.Debug|Any CPU.ActiveCfg = Debug|Any CPU
		{2E2C42CC-93E0-4936-BD6F-096856DADEEF}.Debug|Any CPU.Build.0 = Debug|Any CPU
		{2E2C42CC-93E0-4936-BD6F-096856DADEEF}.Release|Any CPU.ActiveCfg = Release|Any CPU
		{2E2C42CC-93E0-4936-BD6F-096856DADEEF}.Release|Any CPU.Build.0 = Release|Any CPU
	EndGlobalSection
	GlobalSection(SolutionProperties) = preSolution
		HideSolutionNode = FALSE
	EndGlobalSection
	GlobalSection(ExtensibilityGlobals) = postSolution
		SolutionGuid = {205E37A1-72A0-46C1-B933-E371D6AE1796}
	EndGlobalSection
EndGlobal
